
Microsoft Visual Studio Solution File, Format Version 12.00
Project("{FAE04EC0-301F-11D3-BF4B-00C04F79EFBC}") = "WorkoutNest", "WorkoutNest\WorkoutNest.csproj", "{D618FFCE-5FE6-4832-9782-8EBE6EC80302}"
EndProject
Global
	GlobalSection(SolutionConfigurationPlatforms) = preSolution
		Debug|Any CPU = Debug|Any CPU
		Release|Any CPU = Release|Any CPU
	EndGlobalSection
	GlobalSection(ProjectConfigurationPlatforms) = postSolution
		{D618FFCE-5FE6-4832-9782-8EBE6EC80302}.Debug|Any CPU.ActiveCfg = Debug|Any CPU
		{D618FFCE-5FE6-4832-9782-8EBE6EC80302}.Debug|Any CPU.Build.0 = Debug|Any CPU
		{D618FFCE-5FE6-4832-9782-8EBE6EC80302}.Release|Any CPU.ActiveCfg = Release|Any CPU
		{D618FFCE-5FE6-4832-9782-8EBE6EC80302}.Release|Any CPU.Build.0 = Release|Any CPU
	EndGlobalSection
EndGlobal
